
Microsoft Visual Studio Solution File, Format Version 12.00
# Visual Studio 15
VisualStudioVersion = 15.0.27428.2027
MinimumVisualStudioVersion = 10.0.40219.1
Project("{FAE04EC0-301F-11D3-BF4B-00C04F79EFBC}") = "Caristaniyaan", "Caristaniyaan\Caristaniyaan.csproj", "{ED412B0F-4AAF-4FE3-ABAA-AA2CD00C9063}"
EndProject
Global
	GlobalSection(SolutionConfigurationPlatforms) = preSolution
		Debug|Any CPU = Debug|Any CPU
		Release|Any CPU = Release|Any CPU
	EndGlobalSection
	GlobalSection(ProjectConfigurationPlatforms) = postSolution
		{ED412B0F-4AAF-4FE3-ABAA-AA2CD00C9063}.Debug|Any CPU.ActiveCfg = Debug|Any CPU
		{ED412B0F-4AAF-4FE3-ABAA-AA2CD00C9063}.Debug|Any CPU.Build.0 = Debug|Any CPU
		{ED412B0F-4AAF-4FE3-ABAA-AA2CD00C9063}.Release|Any CPU.ActiveCfg = Release|Any CPU
		{ED412B0F-4AAF-4FE3-ABAA-AA2CD00C9063}.Release|Any CPU.Build.0 = Release|Any CPU
	EndGlobalSection
	GlobalSection(SolutionProperties) = preSolution
		HideSolutionNode = FALSE
	EndGlobalSection
	GlobalSection(ExtensibilityGlobals) = postSolution
		SolutionGuid = {CA2A4405-8A84-4709-8FCB-8E65D70E593F}
	EndGlobalSection
EndGlobal
